{
  "nodes": {
    "darwin": {
      "inputs": {
        "nixpkgs": [
          "nixpkgs"
        ]
      },
      "locked": {
        "lastModified": 1735685839,
        "narHash": "sha256-62xAPSs5VRZoPH7eRanUn5S5vZEd+8vM4bD5I+zxokc=",
        "owner": "lnl7",
        "repo": "nix-darwin",
        "rev": "6a1fdb2a1204c0de038847b601cff5012e162b5e",
        "type": "github"
      },
      "original": {
        "owner": "lnl7",
        "repo": "nix-darwin",
        "type": "github"
      }
    },
    "home-manager": {
      "inputs": {
        "nixpkgs": [
          "nixpkgs"
        ]
      },
      "locked": {
        "lastModified": 1735774425,
        "narHash": "sha256-C73gLFnEh8ZI0uDijUgCDWCd21T6I6tsaWgIBHcfAXg=",
        "owner": "nix-community",
        "repo": "home-manager",
        "rev": "5f6aa268e419d053c3d5025da740e390b12ac936",
        "type": "github"
      },
      "original": {
        "owner": "nix-community",
        "ref": "master",
        "repo": "home-manager",
        "type": "github"
      }
    },
    "nix-system-graphics": {
      "inputs": {
        "nixpkgs": [
          "nixpkgs"
        ]
      },
      "locked": {
        "lastModified": 1729864290,
        "narHash": "sha256-BBMfemVn4J0HKZ5DFFJf7pfgc9AJijbA7rliSzWFb8s=",
        "owner": "soupglasses",
        "repo": "nix-system-graphics",
        "rev": "5a8d749e977090c7f8c5b920b13262174b2d7b55",
        "type": "github"
      },
      "original": {
        "owner": "soupglasses",
        "repo": "nix-system-graphics",
        "type": "github"
      }
    },
    "nixpkgs": {
      "locked": {
        "lastModified": 1735617354,
        "narHash": "sha256-5zJyv66q68QZJZsXtmjDBazGnF0id593VSy+8eSckoo=",
        "owner": "nixos",
        "repo": "nixpkgs",
        "rev": "69b9a8c860bdbb977adfa9c5e817ccb717884182",
        "type": "github"
      },
      "original": {
        "owner": "nixos",
        "ref": "nixpkgs-unstable",
        "repo": "nixpkgs",
        "type": "github"
      }
    },
    "root": {
      "inputs": {
        "darwin": "darwin",
        "home-manager": "home-manager",
        "nix-system-graphics": "nix-system-graphics",
        "nixpkgs": "nixpkgs",
        "system-manager": "system-manager"
      }
    },
    "system-manager": {
      "inputs": {
        "nixpkgs": [
          "nixpkgs"
        ]
      },
      "locked": {
        "lastModified": 1734512348,
        "narHash": "sha256-dD6mweafdd/t+7m1YMiNK2zB52ZMJhsxauCb4Dcd8wQ=",
        "owner": "numtide",
        "repo": "system-manager",
        "rev": "c9e35e9b7d698533a32c7e34dfdb906e1e0b7d0a",
        "type": "github"
      },
      "original": {
        "owner": "numtide",
        "repo": "system-manager",
        "type": "github"
      }
    }
  },
  "root": "root",
  "version": 7
}
